
Microsoft Visual Studio Solution File, Format Version 12.00
Project("{FAE04EC0-301F-11D3-BF4B-00C04F79EFBC}") = "OOP_laba2", "OOP_laba2\OOP_laba2.csproj", "{7DD1C7F8-30F8-4B14-A852-53153DFC3DC7}"
EndProject
Project("{FAE04EC0-301F-11D3-BF4B-00C04F79EFBC}") = "AirportTests", "AirportTests\AirportTests.csproj", "{DD49B3BD-CDD7-4128-944B-0C0D6739FD9A}"
EndProject
Global
	GlobalSection(SolutionConfigurationPlatforms) = preSolution
		Debug|Any CPU = Debug|Any CPU
		Release|Any CPU = Release|Any CPU
	EndGlobalSection
	GlobalSection(ProjectConfigurationPlatforms) = postSolution
		{7DD1C7F8-30F8-4B14-A852-53153DFC3DC7}.Debug|Any CPU.ActiveCfg = Debug|Any CPU
		{7DD1C7F8-30F8-4B14-A852-53153DFC3DC7}.Debug|Any CPU.Build.0 = Debug|Any CPU
		{7DD1C7F8-30F8-4B14-A852-53153DFC3DC7}.Release|Any CPU.ActiveCfg = Release|Any CPU
		{7DD1C7F8-30F8-4B14-A852-53153DFC3DC7}.Release|Any CPU.Build.0 = Release|Any CPU
		{DD49B3BD-CDD7-4128-944B-0C0D6739FD9A}.Debug|Any CPU.ActiveCfg = Debug|Any CPU
		{DD49B3BD-CDD7-4128-944B-0C0D6739FD9A}.Debug|Any CPU.Build.0 = Debug|Any CPU
		{DD49B3BD-CDD7-4128-944B-0C0D6739FD9A}.Release|Any CPU.ActiveCfg = Release|Any CPU
		{DD49B3BD-CDD7-4128-944B-0C0D6739FD9A}.Release|Any CPU.Build.0 = Release|Any CPU
	EndGlobalSection
EndGlobal
